// !$*UTF8*$!
{
	archiveVersion = 1;
	classes = {
	};
	objectVersion = 56;
	objects = {

/* Begin PBXBuildFile section */
		DB6518FD2C6CEFB20010CADC /* AppDelegate.swift in Sources */ = {isa = PBXBuildFile; fileRef = DB6518FC2C6CEFB20010CADC /* AppDelegate.swift */; };
		DB6518FF2C6CEFB20010CADC /* SceneDelegate.swift in Sources */ = {isa = PBXBuildFile; fileRef = DB6518FE2C6CEFB20010CADC /* SceneDelegate.swift */; };
		DB6519012C6CEFB20010CADC /* ViewController.swift in Sources */ = {isa = PBXBuildFile; fileRef = DB6519002C6CEFB20010CADC /* ViewController.swift */; };
		DB6519042C6CEFB20010CADC /* Base in Resources */ = {isa = PBXBuildFile; fileRef = DB6519032C6CEFB20010CADC /* Base */; };
		DB6519062C6CEFB50010CADC /* Assets.xcassets in Resources */ = {isa = PBXBuildFile; fileRef = DB6519052C6CEFB50010CADC /* Assets.xcassets */; };
		DB6519092C6CEFB50010CADC /* Base in Resources */ = {isa = PBXBuildFile; fileRef = DB6519082C6CEFB50010CADC /* Base */; };
		DB6519142C6CEFB50010CADC /* NewsTests.swift in Sources */ = {isa = PBXBuildFile; fileRef = DB6519132C6CEFB50010CADC /* NewsTests.swift */; };
		DB65191E2C6CEFB50010CADC /* NewsUITests.swift in Sources */ = {isa = PBXBuildFile; fileRef = DB65191D2C6CEFB50010CADC /* NewsUITests.swift */; };
		DB6519202C6CEFB50010CADC /* NewsUITestsLaunchTests.swift in Sources */ = {isa = PBXBuildFile; fileRef = DB65191F2C6CEFB50010CADC /* NewsUITestsLaunchTests.swift */; };
/* End PBXBuildFile section */

/* Begin PBXContainerItemProxy section */
		DB6519102C6CEFB50010CADC /* PBXContainerItemProxy */ = {
			isa = PBXContainerItemProxy;
			containerPortal = DB6518F12C6CEFB20010CADC /* Project object */;
			proxyType = 1;
			remoteGlobalIDString = DB6518F82C6CEFB20010CADC;
			remoteInfo = News;
		};
		DB65191A2C6CEFB50010CADC /* PBXContainerItemProxy */ = {
			isa = PBXContainerItemProxy;
			containerPortal = DB6518F12C6CEFB20010CADC /* Project object */;
			proxyType = 1;
			remoteGlobalIDString = DB6518F82C6CEFB20010CADC;
			remoteInfo = News;
		};
/* End PBXContainerItemProxy section */

/* Begin PBXFileReference section */
		DB6518F92C6CEFB20010CADC /* News.app */ = {isa = PBXFileReference; explicitFileType = wrapper.application; includeInIndex = 0; path = News.app; sourceTree = BUILT_PRODUCTS_DIR; };
		DB6518FC2C6CEFB20010CADC /* AppDelegate.swift */ = {isa = PBXFileReference; lastKnownFileType = sourcecode.swift; path = AppDelegate.swift; sourceTree = "<group>"; };
		DB6518FE2C6CEFB20010CADC /* SceneDelegate.swift */ = {isa = PBXFileReference; lastKnownFileType = sourcecode.swift; path = SceneDelegate.swift; sourceTree = "<group>"; };
		DB6519002C6CEFB20010CADC /* ViewController.swift */ = {isa = PBXFileReference; lastKnownFileType = sourcecode.swift; path = ViewController.swift; sourceTree = "<group>"; };
		DB6519032C6CEFB20010CADC /* Base */ = {isa = PBXFileReference; lastKnownFileType = file.storyboard; name = Base; path = Base.lproj/Main.storyboard; sourceTree = "<group>"; };
		DB6519052C6CEFB50010CADC /* Assets.xcassets */ = {isa = PBXFileReference; lastKnownFileType = folder.assetcatalog; path = Assets.xcassets; sourceTree = "<group>"; };
		DB6519082C6CEFB50010CADC /* Base */ = {isa = PBXFileReference; lastKnownFileType = file.storyboard; name = Base; path = Base.lproj/LaunchScreen.storyboard; sourceTree = "<group>"; };
		DB65190A2C6CEFB50010CADC /* Info.plist */ = {isa = PBXFileReference; lastKnownFileType = text.plist.xml; path = Info.plist; sourceTree = "<group>"; };
		DB65190F2C6CEFB50010CADC /* NewsTests.xctest */ = {isa = PBXFileReference; explicitFileType = wrapper.cfbundle; includeInIndex = 0; path = NewsTests.xctest; sourceTree = BUILT_PRODUCTS_DIR; };
		DB6519132C6CEFB50010CADC /* NewsTests.swift */ = {isa = PBXFileReference; lastKnownFileType = sourcecode.swift; path = NewsTests.swift; sourceTree = "<group>"; };
		DB6519192C6CEFB50010CADC /* NewsUITests.xctest */ = {isa = PBXFileReference; explicitFileType = wrapper.cfbundle; includeInIndex = 0; path = NewsUITests.xctest; sourceTree = BUILT_PRODUCTS_DIR; };
		DB65191D2C6CEFB50010CADC /* NewsUITests.swift */ = {isa = PBXFileReference; lastKnownFileType = sourcecode.swift; path = NewsUITests.swift; sourceTree = "<group>"; };
		DB65191F2C6CEFB50010CADC /* NewsUITestsLaunchTests.swift */ = {isa = PBXFileReference; lastKnownFileType = sourcecode.swift; path = NewsUITestsLaunchTests.swift; sourceTree = "<group>"; };
/* End PBXFileReference section */

/* Begin PBXFrameworksBuildPhase section */
		DB6518F62C6CEFB20010CADC /* Frameworks */ = {
			isa = PBXFrameworksBuildPhase;
			buildActionMask = 2147483647;
			files = (
			);
			runOnlyForDeploymentPostprocessing = 0;
		};
		DB65190C2C6CEFB50010CADC /* Frameworks */ = {
			isa = PBXFrameworksBuildPhase;
			buildActionMask = 2147483647;
			files = (
			);
			runOnlyForDeploymentPostprocessing = 0;
		};
		DB6519162C6CEFB50010CADC /* Frameworks */ = {
			isa = PBXFrameworksBuildPhase;
			buildActionMask = 2147483647;
			files = (
			);
			runOnlyForDeploymentPostprocessing = 0;
		};
/* End PBXFrameworksBuildPhase section */

/* Begin PBXGroup section */
		DB6518F02C6CEFB20010CADC = {
			isa = PBXGroup;
			children = (
				DB6518FB2C6CEFB20010CADC /* News */,
				DB6519122C6CEFB50010CADC /* NewsTests */,
				DB65191C2C6CEFB50010CADC /* NewsUITests */,
				DB6518FA2C6CEFB20010CADC /* Products */,
			);
			sourceTree = "<group>";
		};
		DB6518FA2C6CEFB20010CADC /* Products */ = {
			isa = PBXGroup;
			children = (
				DB6518F92C6CEFB20010CADC /* News.app */,
				DB65190F2C6CEFB50010CADC /* NewsTests.xctest */,
				DB6519192C6CEFB50010CADC /* NewsUITests.xctest */,
			);
			name = Products;
			sourceTree = "<group>";
		};
		DB6518FB2C6CEFB20010CADC /* News */ = {
			isa = PBXGroup;
			children = (
				DB6518FC2C6CEFB20010CADC /* AppDelegate.swift */,
				DB6518FE2C6CEFB20010CADC /* SceneDelegate.swift */,
				DB6519002C6CEFB20010CADC /* ViewController.swift */,
				DB6519022C6CEFB20010CADC /* Main.storyboard */,
				DB6519052C6CEFB50010CADC /* Assets.xcassets */,
				DB6519072C6CEFB50010CADC /* LaunchScreen.storyboard */,
				DB65190A2C6CEFB50010CADC /* Info.plist */,
			);
			path = News;
			sourceTree = "<group>";
		};
		DB6519122C6CEFB50010CADC /* NewsTests */ = {
			isa = PBXGroup;
			children = (
				DB6519132C6CEFB50010CADC /* NewsTests.swift */,
			);
			path = NewsTests;
			sourceTree = "<group>";
		};
		DB65191C2C6CEFB50010CADC /* NewsUITests */ = {
			isa = PBXGroup;
			children = (
				DB65191D2C6CEFB50010CADC /* NewsUITests.swift */,
				DB65191F2C6CEFB50010CADC /* NewsUITestsLaunchTests.swift */,
			);
			path = NewsUITests;
			sourceTree = "<group>";
		};
/* End PBXGroup section */

/* Begin PBXNativeTarget section */
		DB6518F82C6CEFB20010CADC /* News */ = {
			isa = PBXNativeTarget;
			buildConfigurationList = DB6519232C6CEFB50010CADC /* Build configuration list for PBXNativeTarget "News" */;
			buildPhases = (
				DB6518F52C6CEFB20010CADC /* Sources */,
				DB6518F62C6CEFB20010CADC /* Frameworks */,
				DB6518F72C6CEFB20010CADC /* Resources */,
			);
			buildRules = (
			);
			dependencies = (
			);
			name = News;
			productName = News;
			productReference = DB6518F92C6CEFB20010CADC /* News.app */;
			productType = "com.apple.product-type.application";
		};
		DB65190E2C6CEFB50010CADC /* NewsTests */ = {
			isa = PBXNativeTarget;
			buildConfigurationList = DB6519262C6CEFB50010CADC /* Build configuration list for PBXNativeTarget "NewsTests" */;
			buildPhases = (
				DB65190B2C6CEFB50010CADC /* Sources */,
				DB65190C2C6CEFB50010CADC /* Frameworks */,
				DB65190D2C6CEFB50010CADC /* Resources */,
			);
			buildRules = (
			);
			dependencies = (
				DB6519112C6CEFB50010CADC /* PBXTargetDependency */,
			);
			name = NewsTests;
			productName = NewsTests;
			productReference = DB65190F2C6CEFB50010CADC /* NewsTests.xctest */;
			productType = "com.apple.product-type.bundle.unit-test";
		};
		DB6519182C6CEFB50010CADC /* NewsUITests */ = {
			isa = PBXNativeTarget;
			buildConfigurationList = DB6519292C6CEFB50010CADC /* Build configuration list for PBXNativeTarget "NewsUITests" */;
			buildPhases = (
				DB6519152C6CEFB50010CADC /* Sources */,
				DB6519162C6CEFB50010CADC /* Frameworks */,
				DB6519172C6CEFB50010CADC /* Resources */,
			);
			buildRules = (
			);
			dependencies = (
				DB65191B2C6CEFB50010CADC /* PBXTargetDependency */,
			);
			name = NewsUITests;
			productName = NewsUITests;
			productReference = DB6519192C6CEFB50010CADC /* NewsUITests.xctest */;
			productType = "com.apple.product-type.bundle.ui-testing";
		};
/* End PBXNativeTarget section */

/* Begin PBXProject section */
		DB6518F12C6CEFB20010CADC /* Project object */ = {
			isa = PBXProject;
			attributes = {
				BuildIndependentTargetsInParallel = 1;
				LastSwiftUpdateCheck = 1530;
				LastUpgradeCheck = 1530;
				TargetAttributes = {
					DB6518F82C6CEFB20010CADC = {
						CreatedOnToolsVersion = 15.3;
					};
					DB65190E2C6CEFB50010CADC = {
						CreatedOnToolsVersion = 15.3;
						TestTargetID = DB6518F82C6CEFB20010CADC;
					};
					DB6519182C6CEFB50010CADC = {
						CreatedOnToolsVersion = 15.3;
						TestTargetID = DB6518F82C6CEFB20010CADC;
					};
				};
			};
			buildConfigurationList = DB6518F42C6CEFB20010CADC /* Build configuration list for PBXProject "News" */;
			compatibilityVersion = "Xcode 14.0";
			developmentRegion = en;
			hasScannedForEncodings = 0;
			knownRegions = (
				en,
				Base,
			);
			mainGroup = DB6518F02C6CEFB20010CADC;
			productRefGroup = DB6518FA2C6CEFB20010CADC /* Products */;
			projectDirPath = "";
			projectRoot = "";
			targets = (
				DB6518F82C6CEFB20010CADC /* News */,
				DB65190E2C6CEFB50010CADC /* NewsTests */,
				DB6519182C6CEFB50010CADC /* NewsUITests */,
			);
		};
/* End PBXProject section */

/* Begin PBXResourcesBuildPhase section */
		DB6518F72C6CEFB20010CADC /* Resources */ = {
			isa = PBXResourcesBuildPhase;
			buildActionMask = 2147483647;
			files = (
				DB6519062C6CEFB50010CADC /* Assets.xcassets in Resources */,
				DB6519092C6CEFB50010CADC /* Base in Resources */,
				DB6519042C6CEFB20010CADC /* Base in Resources */,
			);
			runOnlyForDeploymentPostprocessing = 0;
		};
		DB65190D2C6CEFB50010CADC /* Resources */ = {
			isa = PBXResourcesBuildPhase;
			buildActionMask = 2147483647;
			files = (
			);
			runOnlyForDeploymentPostprocessing = 0;
		};
		DB6519172C6CEFB50010CADC /* Resources */ = {
			isa = PBXResourcesBuildPhase;
			buildActionMask = 2147483647;
			files = (
			);
			runOnlyForDeploymentPostprocessing = 0;
		};
/* End PBXResourcesBuildPhase section */

/* Begin PBXSourcesBuildPhase section */
		DB6518F52C6CEFB20010CADC /* Sources */ = {
			isa = PBXSourcesBuildPhase;
			buildActionMask = 2147483647;
			files = (
				DB6519012C6CEFB20010CADC /* ViewController.swift in Sources */,
				DB6518FD2C6CEFB20010CADC /* AppDelegate.swift in Sources */,
				DB6518FF2C6CEFB20010CADC /* SceneDelegate.swift in Sources */,
			);
			runOnlyForDeploymentPostprocessing = 0;
		};
		DB65190B2C6CEFB50010CADC /* Sources */ = {
			isa = PBXSourcesBuildPhase;
			buildActionMask = 2147483647;
			files = (
				DB6519142C6CEFB50010CADC /* NewsTests.swift in Sources */,
			);
			runOnlyForDeploymentPostprocessing = 0;
		};
		DB6519152C6CEFB50010CADC /* Sources */ = {
			isa = PBXSourcesBuildPhase;
			buildActionMask = 2147483647;
			files = (
				DB65191E2C6CEFB50010CADC /* NewsUITests.swift in Sources */,
				DB6519202C6CEFB50010CADC /* NewsUITestsLaunchTests.swift in Sources */,
			);
			runOnlyForDeploymentPostprocessing = 0;
		};
/* End PBXSourcesBuildPhase section */

/* Begin PBXTargetDependency section */
		DB6519112C6CEFB50010CADC /* PBXTargetDependency */ = {
			isa = PBXTargetDependency;
			target = DB6518F82C6CEFB20010CADC /* News */;
			targetProxy = DB6519102C6CEFB50010CADC /* PBXContainerItemProxy */;
		};
		DB65191B2C6CEFB50010CADC /* PBXTargetDependency */ = {
			isa = PBXTargetDependency;
			target = DB6518F82C6CEFB20010CADC /* News */;
			targetProxy = DB65191A2C6CEFB50010CADC /* PBXContainerItemProxy */;
		};
/* End PBXTargetDependency section */

/* Begin PBXVariantGroup section */
		DB6519022C6CEFB20010CADC /* Main.storyboard */ = {
			isa = PBXVariantGroup;
			children = (
				DB6519032C6CEFB20010CADC /* Base */,
			);
			name = Main.storyboard;
			sourceTree = "<group>";
		};
		DB6519072C6CEFB50010CADC /* LaunchScreen.storyboard */ = {
			isa = PBXVariantGroup;
			children = (
				DB6519082C6CEFB50010CADC /* Base */,
			);
			name = LaunchScreen.storyboard;
			sourceTree = "<group>";
		};
/* End PBXVariantGroup section */

/* Begin XCBuildConfiguration section */
		DB6519212C6CEFB50010CADC /* Debug */ = {
			isa = XCBuildConfiguration;
			buildSettings = {
				ALWAYS_SEARCH_USER_PATHS = NO;
				ASSETCATALOG_COMPILER_GENERATE_SWIFT_ASSET_SYMBOL_EXTENSIONS = YES;
				CLANG_ANALYZER_NONNULL = YES;
				CLANG_ANALYZER_NUMBER_OBJECT_CONVERSION = YES_AGGRESSIVE;
				CLANG_CXX_LANGUAGE_STANDARD = "gnu++20";
				CLANG_ENABLE_MODULES = YES;
				CLANG_ENABLE_OBJC_ARC = YES;
				CLANG_ENABLE_OBJC_WEAK = YES;
				CLANG_WARN_BLOCK_CAPTURE_AUTORELEASING = YES;
				CLANG_WARN_BOOL_CONVERSION = YES;
				CLANG_WARN_COMMA = YES;
				CLANG_WARN_CONSTANT_CONVERSION = YES;
				CLANG_WARN_DEPRECATED_OBJC_IMPLEMENTATIONS = YES;
				CLANG_WARN_DIRECT_OBJC_ISA_USAGE = YES_ERROR;
				CLANG_WARN_DOCUMENTATION_COMMENTS = YES;
				CLANG_WARN_EMPTY_BODY = YES;
				CLANG_WARN_ENUM_CONVERSION = YES;
				CLANG_WARN_INFINITE_RECURSION = YES;
				CLANG_WARN_INT_CONVERSION = YES;
				CLANG_WARN_NON_LITERAL_NULL_CONVERSION = YES;
				CLANG_WARN_OBJC_IMPLICIT_RETAIN_SELF = YES;
				CLANG_WARN_OBJC_LITERAL_CONVERSION = YES;
				CLANG_WARN_OBJC_ROOT_CLASS = YES_ERROR;
				CLANG_WARN_QUOTED_INCLUDE_IN_FRAMEWORK_HEADER = YES;
				CLANG_WARN_RANGE_LOOP_ANALYSIS = YES;
				CLANG_WARN_STRICT_PROTOTYPES = YES;
				CLANG_WARN_SUSPICIOUS_MOVE = YES;
				CLANG_WARN_UNGUARDED_AVAILABILITY = YES_AGGRESSIVE;
				CLANG_WARN_UNREACHABLE_CODE = YES;
				CLANG_WARN__DUPLICATE_METHOD_MATCH = YES;
				COPY_PHASE_STRIP = NO;
				DEBUG_INFORMATION_FORMAT = dwarf;
				ENABLE_STRICT_OBJC_MSGSEND = YES;
				ENABLE_TESTABILITY = YES;
				ENABLE_USER_SCRIPT_SANDBOXING = YES;
				GCC_C_LANGUAGE_STANDARD = gnu17;
				GCC_DYNAMIC_NO_PIC = NO;
				GCC_NO_COMMON_BLOCKS = YES;
				GCC_OPTIMIZATION_LEVEL = 0;
				GCC_PREPROCESSOR_DEFINITIONS = (
					"DEBUG=1",
					"$(inherited)",
				);
				GCC_WARN_64_TO_32_BIT_CONVERSION = YES;
				GCC_WARN_ABOUT_RETURN_TYPE = YES_ERROR;
				GCC_WARN_UNDECLARED_SELECTOR = YES;
				GCC_WARN_UNINITIALIZED_AUTOS = YES_AGGRESSIVE;
				GCC_WARN_UNUSED_FUNCTION = YES;
				GCC_WARN_UNUSED_VARIABLE = YES;
				IPHONEOS_DEPLOYMENT_TARGET = 17.4;
				LOCALIZATION_PREFERS_STRING_CATALOGS = YES;
				MTL_ENABLE_DEBUG_INFO = INCLUDE_SOURCE;
				MTL_FAST_MATH = YES;
				ONLY_ACTIVE_ARCH = YES;
				SDKROOT = iphoneos;
				SWIFT_ACTIVE_COMPILATION_CONDITIONS = "DEBUG $(inherited)";
				SWIFT_OPTIMIZATION_LEVEL = "-Onone";
			};
			name = Debug;
		};
		DB6519222C6CEFB50010CADC /* Release */ = {
			isa = XCBuildConfiguration;
			buildSettings = {
				ALWAYS_SEARCH_USER_PATHS = NO;
				ASSETCATALOG_COMPILER_GENERATE_SWIFT_ASSET_SYMBOL_EXTENSIONS = YES;
				CLANG_ANALYZER_NONNULL = YES;
				CLANG_ANALYZER_NUMBER_OBJECT_CONVERSION = YES_AGGRESSIVE;
				CLANG_CXX_LANGUAGE_STANDARD = "gnu++20";
				CLANG_ENABLE_MODULES = YES;
				CLANG_ENABLE_OBJC_ARC = YES;
				CLANG_ENABLE_OBJC_WEAK = YES;
				CLANG_WARN_BLOCK_CAPTURE_AUTORELEASING = YES;
				CLANG_WARN_BOOL_CONVERSION = YES;
				CLANG_WARN_COMMA = YES;
				CLANG_WARN_CONSTANT_CONVERSION = YES;
				CLANG_WARN_DEPRECATED_OBJC_IMPLEMENTATIONS = YES;
				CLANG_WARN_DIRECT_OBJC_ISA_USAGE = YES_ERROR;
				CLANG_WARN_DOCUMENTATION_COMMENTS = YES;
				CLANG_WARN_EMPTY_BODY = YES;
				CLANG_WARN_ENUM_CONVERSION = YES;
				CLANG_WARN_INFINITE_RECURSION = YES;
				CLANG_WARN_INT_CONVERSION = YES;
				CLANG_WARN_NON_LITERAL_NULL_CONVERSION = YES;
				CLANG_WARN_OBJC_IMPLICIT_RETAIN_SELF = YES;
				CLANG_WARN_OBJC_LITERAL_CONVERSION = YES;
				CLANG_WARN_OBJC_ROOT_CLASS = YES_ERROR;
				CLANG_WARN_QUOTED_INCLUDE_IN_FRAMEWORK_HEADER = YES;
				CLANG_WARN_RANGE_LOOP_ANALYSIS = YES;
				CLANG_WARN_STRICT_PROTOTYPES = YES;
				CLANG_WARN_SUSPICIOUS_MOVE = YES;
				CLANG_WARN_UNGUARDED_AVAILABILITY = YES_AGGRESSIVE;
				CLANG_WARN_UNREACHABLE_CODE = YES;
				CLANG_WARN__DUPLICATE_METHOD_MATCH = YES;
				COPY_PHASE_STRIP = NO;
				DEBUG_INFORMATION_FORMAT = "dwarf-with-dsym";
				ENABLE_NS_ASSERTIONS = NO;
				ENABLE_STRICT_OBJC_MSGSEND = YES;
				ENABLE_USER_SCRIPT_SANDBOXING = YES;
				GCC_C_LANGUAGE_STANDARD = gnu17;
				GCC_NO_COMMON_BLOCKS = YES;
				GCC_WARN_64_TO_32_BIT_CONVERSION = YES;
				GCC_WARN_ABOUT_RETURN_TYPE = YES_ERROR;
				GCC_WARN_UNDECLARED_SELECTOR = YES;
				GCC_WARN_UNINITIALIZED_AUTOS = YES_AGGRESSIVE;
				GCC_WARN_UNUSED_FUNCTION = YES;
				GCC_WARN_UNUSED_VARIABLE = YES;
				IPHONEOS_DEPLOYMENT_TARGET = 17.4;
				LOCALIZATION_PREFERS_STRING_CATALOGS = YES;
				MTL_ENABLE_DEBUG_INFO = NO;
				MTL_FAST_MATH = YES;
				SDKROOT = iphoneos;
				SWIFT_COMPILATION_MODE = wholemodule;
				VALIDATE_PRODUCT = YES;
			};
			name = Release;
		};
		DB6519242C6CEFB50010CADC /* Debug */ = {
			isa = XCBuildConfiguration;
			buildSettings = {
				ASSETCATALOG_COMPILER_APPICON_NAME = AppIcon;
				ASSETCATALOG_COMPILER_GLOBAL_ACCENT_COLOR_NAME = AccentColor;
				CODE_SIGN_STYLE = Automatic;
				CURRENT_PROJECT_VERSION = 1;
				DEVELOPMENT_TEAM = XVK8F6Q98H;
				GENERATE_INFOPLIST_FILE = YES;
				INFOPLIST_FILE = News/Info.plist;
				INFOPLIST_KEY_UIApplicationSupportsIndirectInputEvents = YES;
				INFOPLIST_KEY_UILaunchStoryboardName = LaunchScreen;
				INFOPLIST_KEY_UIMainStoryboardFile = Main;
				INFOPLIST_KEY_UISupportedInterfaceOrientations_iPad = "UIInterfaceOrientationPortrait UIInterfaceOrientationPortraitUpsideDown UIInterfaceOrientationLandscapeLeft UIInterfaceOrientationLandscapeRight";
				INFOPLIST_KEY_UISupportedInterfaceOrientations_iPhone = "UIInterfaceOrientationPortrait UIInterfaceOrientationLandscapeLeft UIInterfaceOrientationLandscapeRight";
				LD_RUNPATH_SEARCH_PATHS = (
					"$(inherited)",
					"@executable_path/Frameworks",
				);
				MARKETING_VERSION = 1.0;
				PRODUCT_BUNDLE_IDENTIFIER = com.rumeysakutlu.News;
				PRODUCT_NAME = "$(TARGET_NAME)";
				SWIFT_EMIT_LOC_STRINGS = YES;
				SWIFT_VERSION = 5.0;
				TARGETED_DEVICE_FAMILY = "1,2";
			};
			name = Debug;
		};
		DB6519252C6CEFB50010CADC /* Release */ = {
			isa = XCBuildConfiguration;
			buildSettings = {
				ASSETCATALOG_COMPILER_APPICON_NAME = AppIcon;
				ASSETCATALOG_COMPILER_GLOBAL_ACCENT_COLOR_NAME = AccentColor;
				CODE_SIGN_STYLE = Automatic;
				CURRENT_PROJECT_VERSION = 1;
				DEVELOPMENT_TEAM = XVK8F6Q98H;
				GENERATE_INFOPLIST_FILE = YES;
				INFOPLIST_FILE = News/Info.plist;
				INFOPLIST_KEY_UIApplicationSupportsIndirectInputEvents = YES;
				INFOPLIST_KEY_UILaunchStoryboardName = LaunchScreen;
				INFOPLIST_KEY_UIMainStoryboardFile = Main;
				INFOPLIST_KEY_UISupportedInterfaceOrientations_iPad = "UIInterfaceOrientationPortrait UIInterfaceOrientationPortraitUpsideDown UIInterfaceOrientationLandscapeLeft UIInterfaceOrientationLandscapeRight";
				INFOPLIST_KEY_UISupportedInterfaceOrientations_iPhone = "UIInterfaceOrientationPortrait UIInterfaceOrientationLandscapeLeft UIInterfaceOrientationLandscapeRight";
				LD_RUNPATH_SEARCH_PATHS = (
					"$(inherited)",
					"@executable_path/Frameworks",
				);
				MARKETING_VERSION = 1.0;
				PRODUCT_BUNDLE_IDENTIFIER = com.rumeysakutlu.News;
				PRODUCT_NAME = "$(TARGET_NAME)";
				SWIFT_EMIT_LOC_STRINGS = YES;
				SWIFT_VERSION = 5.0;
				TARGETED_DEVICE_FAMILY = "1,2";
			};
			name = Release;
		};
		DB6519272C6CEFB50010CADC /* Debug */ = {
			isa = XCBuildConfiguration;
			buildSettings = {
				ALWAYS_EMBED_SWIFT_STANDARD_LIBRARIES = YES;
				BUNDLE_LOADER = "$(TEST_HOST)";
				CODE_SIGN_STYLE = Automatic;
				CURRENT_PROJECT_VERSION = 1;
				DEVELOPMENT_TEAM = XVK8F6Q98H;
				GENERATE_INFOPLIST_FILE = YES;
				IPHONEOS_DEPLOYMENT_TARGET = 17.4;
				MARKETING_VERSION = 1.0;
				PRODUCT_BUNDLE_IDENTIFIER = com.rumeysakutlu.NewsTests;
				PRODUCT_NAME = "$(TARGET_NAME)";
				SWIFT_EMIT_LOC_STRINGS = NO;
				SWIFT_VERSION = 5.0;
				TARGETED_DEVICE_FAMILY = "1,2";
				TEST_HOST = "$(BUILT_PRODUCTS_DIR)/News.app/$(BUNDLE_EXECUTABLE_FOLDER_PATH)/News";
			};
			name = Debug;
		};
		DB6519282C6CEFB50010CADC /* Release */ = {
			isa = XCBuildConfiguration;
			buildSettings = {
				ALWAYS_EMBED_SWIFT_STANDARD_LIBRARIES = YES;
				BUNDLE_LOADER = "$(TEST_HOST)";
				CODE_SIGN_STYLE = Automatic;
				CURRENT_PROJECT_VERSION = 1;
				DEVELOPMENT_TEAM = XVK8F6Q98H;
				GENERATE_INFOPLIST_FILE = YES;
				IPHONEOS_DEPLOYMENT_TARGET = 17.4;
				MARKETING_VERSION = 1.0;
				PRODUCT_BUNDLE_IDENTIFIER = com.rumeysakutlu.NewsTests;
				PRODUCT_NAME = "$(TARGET_NAME)";
				SWIFT_EMIT_LOC_STRINGS = NO;
				SWIFT_VERSION = 5.0;
				TARGETED_DEVICE_FAMILY = "1,2";
				TEST_HOST = "$(BUILT_PRODUCTS_DIR)/News.app/$(BUNDLE_EXECUTABLE_FOLDER_PATH)/News";
			};
			name = Release;
		};
		DB65192A2C6CEFB50010CADC /* Debug */ = {
			isa = XCBuildConfiguration;
			buildSettings = {
				ALWAYS_EMBED_SWIFT_STANDARD_LIBRARIES = YES;
				CODE_SIGN_STYLE = Automatic;
				CURRENT_PROJECT_VERSION = 1;
				DEVELOPMENT_TEAM = XVK8F6Q98H;
				GENERATE_INFOPLIST_FILE = YES;
				MARKETING_VERSION = 1.0;
				PRODUCT_BUNDLE_IDENTIFIER = com.rumeysakutlu.NewsUITests;
				PRODUCT_NAME = "$(TARGET_NAME)";
				SWIFT_EMIT_LOC_STRINGS = NO;
				SWIFT_VERSION = 5.0;
				TARGETED_DEVICE_FAMILY = "1,2";
				TEST_TARGET_NAME = News;
			};
			name = Debug;
		};
		DB65192B2C6CEFB50010CADC /* Release */ = {
			isa = XCBuildConfiguration;
			buildSettings = {
				ALWAYS_EMBED_SWIFT_STANDARD_LIBRARIES = YES;
				CODE_SIGN_STYLE = Automatic;
				CURRENT_PROJECT_VERSION = 1;
				DEVELOPMENT_TEAM = XVK8F6Q98H;
				GENERATE_INFOPLIST_FILE = YES;
				MARKETING_VERSION = 1.0;
				PRODUCT_BUNDLE_IDENTIFIER = com.rumeysakutlu.NewsUITests;
				PRODUCT_NAME = "$(TARGET_NAME)";
				SWIFT_EMIT_LOC_STRINGS = NO;
				SWIFT_VERSION = 5.0;
				TARGETED_DEVICE_FAMILY = "1,2";
				TEST_TARGET_NAME = News;
			};
			name = Release;
		};
/* End XCBuildConfiguration section */

/* Begin XCConfigurationList section */
		DB6518F42C6CEFB20010CADC /* Build configuration list for PBXProject "News" */ = {
			isa = XCConfigurationList;
			buildConfigurations = (
				DB6519212C6CEFB50010CADC /* Debug */,
				DB6519222C6CEFB50010CADC /* Release */,
			);
			defaultConfigurationIsVisible = 0;
			defaultConfigurationName = Release;
		};
		DB6519232C6CEFB50010CADC /* Build configuration list for PBXNativeTarget "News" */ = {
			isa = XCConfigurationList;
			buildConfigurations = (
				DB6519242C6CEFB50010CADC /* Debug */,
				DB6519252C6CEFB50010CADC /* Release */,
			);
			defaultConfigurationIsVisible = 0;
			defaultConfigurationName = Release;
		};
		DB6519262C6CEFB50010CADC /* Build configuration list for PBXNativeTarget "NewsTests" */ = {
			isa = XCConfigurationList;
			buildConfigurations = (
				DB6519272C6CEFB50010CADC /* Debug */,
				DB6519282C6CEFB50010CADC /* Release */,
			);
			defaultConfigurationIsVisible = 0;
			defaultConfigurationName = Release;
		};
		DB6519292C6CEFB50010CADC /* Build configuration list for PBXNativeTarget "NewsUITests" */ = {
			isa = XCConfigurationList;
			buildConfigurations = (
				DB65192A2C6CEFB50010CADC /* Debug */,
				DB65192B2C6CEFB50010CADC /* Release */,
			);
			defaultConfigurationIsVisible = 0;
			defaultConfigurationName = Release;
		};
/* End XCConfigurationList section */
	};
	rootObject = DB6518F12C6CEFB20010CADC /* Project object */;
}
